// !$*UTF8*$!
{
	archiveVersion = 1;
	classes = {
	};
	objectVersion = 56;
	objects = {

/* Begin PBXBuildFile section */
		3B3219352BC78C0600B66D38 /* EventDetailedView.swift in Sources */ = {isa = PBXBuildFile; fileRef = 3B3219342BC78C0600B66D38 /* EventDetailedView.swift */; };
		3B429EF72BC19DE000BDB334 /* LeaderIDApp.swift in Sources */ = {isa = PBXBuildFile; fileRef = 3B429EF62BC19DE000BDB334 /* LeaderIDApp.swift */; };
		3B429EFB2BC19DE100BDB334 /* Assets.xcassets in Resources */ = {isa = PBXBuildFile; fileRef = 3B429EFA2BC19DE100BDB334 /* Assets.xcassets */; };
		3B429EFE2BC19DE100BDB334 /* Preview Assets.xcassets in Resources */ = {isa = PBXBuildFile; fileRef = 3B429EFD2BC19DE100BDB334 /* Preview Assets.xcassets */; };
		3B429F112BC3175D00BDB334 /* AuthView.swift in Sources */ = {isa = PBXBuildFile; fileRef = 3B429F102BC3175D00BDB334 /* AuthView.swift */; };
		3B429F132BC3177B00BDB334 /* EventFeedView.swift in Sources */ = {isa = PBXBuildFile; fileRef = 3B429F122BC3177B00BDB334 /* EventFeedView.swift */; };
		3B429F152BC317BE00BDB334 /* EventView.swift in Sources */ = {isa = PBXBuildFile; fileRef = 3B429F142BC317BE00BDB334 /* EventView.swift */; };
		3B429F172BC318F100BDB334 /* ColorExtension.swift in Sources */ = {isa = PBXBuildFile; fileRef = 3B429F162BC318F100BDB334 /* ColorExtension.swift */; };
		3B76A6FB2BC7185100DC29B5 /* Alamofire in Frameworks */ = {isa = PBXBuildFile; productRef = 3B76A6FA2BC7185100DC29B5 /* Alamofire */; };
		3B76A7002BC724B900DC29B5 /* EventFeedViewModel.swift in Sources */ = {isa = PBXBuildFile; fileRef = 3B76A6FF2BC724B900DC29B5 /* EventFeedViewModel.swift */; };
		3B76A7022BC72E5300DC29B5 /* EventFeedAPI.swift in Sources */ = {isa = PBXBuildFile; fileRef = 3B76A7012BC72E5300DC29B5 /* EventFeedAPI.swift */; };
		3B76A7042BC730D000DC29B5 /* EventFeedViewDI.swift in Sources */ = {isa = PBXBuildFile; fileRef = 3B76A7032BC730D000DC29B5 /* EventFeedViewDI.swift */; };
		3B76A7072BC73D6D00DC29B5 /* UserAPI.swift in Sources */ = {isa = PBXBuildFile; fileRef = 3B76A7062BC73D6D00DC29B5 /* UserAPI.swift */; };
		3B76A7092BC7433A00DC29B5 /* BearerTokenInterceptor.swift in Sources */ = {isa = PBXBuildFile; fileRef = 3B76A7082BC7433A00DC29B5 /* BearerTokenInterceptor.swift */; };
		3B76A70B2BC74A1D00DC29B5 /* EventFeedViewError.swift in Sources */ = {isa = PBXBuildFile; fileRef = 3B76A70A2BC74A1D00DC29B5 /* EventFeedViewError.swift */; };
		3B76A70E2BC74EDA00DC29B5 /* Kingfisher in Frameworks */ = {isa = PBXBuildFile; productRef = 3B76A70D2BC74EDA00DC29B5 /* Kingfisher */; };
		3B9726A92BC340DB004D6BD3 /* AuthViewModel.swift in Sources */ = {isa = PBXBuildFile; fileRef = 3B9726A82BC340DB004D6BD3 /* AuthViewModel.swift */; };
		3BD73A722BC6FBC700277695 /* AuthViewAPI.swift in Sources */ = {isa = PBXBuildFile; fileRef = 3BD73A712BC6FBC700277695 /* AuthViewAPI.swift */; };
		3BD73A742BC6FF8A00277695 /* AuthViewError.swift in Sources */ = {isa = PBXBuildFile; fileRef = 3BD73A732BC6FF8A00277695 /* AuthViewError.swift */; };
		3BD73A762BC7145C00277695 /* AuthViewDI.swift in Sources */ = {isa = PBXBuildFile; fileRef = 3BD73A752BC7145C00277695 /* AuthViewDI.swift */; };
/* End PBXBuildFile section */

/* Begin PBXFileReference section */
		3B3219342BC78C0600B66D38 /* EventDetailedView.swift */ = {isa = PBXFileReference; lastKnownFileType = sourcecode.swift; path = EventDetailedView.swift; sourceTree = "<group>"; };
		3B429EF32BC19DE000BDB334 /* LeaderID.app */ = {isa = PBXFileReference; explicitFileType = wrapper.application; includeInIndex = 0; path = LeaderID.app; sourceTree = BUILT_PRODUCTS_DIR; };
		3B429EF62BC19DE000BDB334 /* LeaderIDApp.swift */ = {isa = PBXFileReference; lastKnownFileType = sourcecode.swift; path = LeaderIDApp.swift; sourceTree = "<group>"; };
		3B429EFA2BC19DE100BDB334 /* Assets.xcassets */ = {isa = PBXFileReference; lastKnownFileType = folder.assetcatalog; path = Assets.xcassets; sourceTree = "<group>"; };
		3B429EFD2BC19DE100BDB334 /* Preview Assets.xcassets */ = {isa = PBXFileReference; lastKnownFileType = folder.assetcatalog; path = "Preview Assets.xcassets"; sourceTree = "<group>"; };
		3B429F0F2BC316B300BDB334 /* Info.plist */ = {isa = PBXFileReference; lastKnownFileType = text.plist; path = Info.plist; sourceTree = "<group>"; };
		3B429F102BC3175D00BDB334 /* AuthView.swift */ = {isa = PBXFileReference; lastKnownFileType = sourcecode.swift; path = AuthView.swift; sourceTree = "<group>"; };
		3B429F122BC3177B00BDB334 /* EventFeedView.swift */ = {isa = PBXFileReference; lastKnownFileType = sourcecode.swift; path = EventFeedView.swift; sourceTree = "<group>"; };
		3B429F142BC317BE00BDB334 /* EventView.swift */ = {isa = PBXFileReference; lastKnownFileType = sourcecode.swift; path = EventView.swift; sourceTree = "<group>"; };
		3B429F162BC318F100BDB334 /* ColorExtension.swift */ = {isa = PBXFileReference; lastKnownFileType = sourcecode.swift; path = ColorExtension.swift; sourceTree = "<group>"; };
		3B76A6FF2BC724B900DC29B5 /* EventFeedViewModel.swift */ = {isa = PBXFileReference; lastKnownFileType = sourcecode.swift; path = EventFeedViewModel.swift; sourceTree = "<group>"; };
		3B76A7012BC72E5300DC29B5 /* EventFeedAPI.swift */ = {isa = PBXFileReference; lastKnownFileType = sourcecode.swift; path = EventFeedAPI.swift; sourceTree = "<group>"; };
		3B76A7032BC730D000DC29B5 /* EventFeedViewDI.swift */ = {isa = PBXFileReference; lastKnownFileType = sourcecode.swift; path = EventFeedViewDI.swift; sourceTree = "<group>"; };
		3B76A7062BC73D6D00DC29B5 /* UserAPI.swift */ = {isa = PBXFileReference; lastKnownFileType = sourcecode.swift; path = UserAPI.swift; sourceTree = "<group>"; };
		3B76A7082BC7433A00DC29B5 /* BearerTokenInterceptor.swift */ = {isa = PBXFileReference; lastKnownFileType = sourcecode.swift; path = BearerTokenInterceptor.swift; sourceTree = "<group>"; };
		3B76A70A2BC74A1D00DC29B5 /* EventFeedViewError.swift */ = {isa = PBXFileReference; lastKnownFileType = sourcecode.swift; path = EventFeedViewError.swift; sourceTree = "<group>"; };
		3B9726A72BC3235C004D6BD3 /* LeaderID.entitlements */ = {isa = PBXFileReference; lastKnownFileType = text.plist.entitlements; path = LeaderID.entitlements; sourceTree = "<group>"; };
		3B9726A82BC340DB004D6BD3 /* AuthViewModel.swift */ = {isa = PBXFileReference; lastKnownFileType = sourcecode.swift; path = AuthViewModel.swift; sourceTree = "<group>"; };
		3BD73A712BC6FBC700277695 /* AuthViewAPI.swift */ = {isa = PBXFileReference; lastKnownFileType = sourcecode.swift; path = AuthViewAPI.swift; sourceTree = "<group>"; };
		3BD73A732BC6FF8A00277695 /* AuthViewError.swift */ = {isa = PBXFileReference; lastKnownFileType = sourcecode.swift; path = AuthViewError.swift; sourceTree = "<group>"; };
		3BD73A752BC7145C00277695 /* AuthViewDI.swift */ = {isa = PBXFileReference; lastKnownFileType = sourcecode.swift; path = AuthViewDI.swift; sourceTree = "<group>"; };
/* End PBXFileReference section */

/* Begin PBXFrameworksBuildPhase section */
		3B429EF02BC19DE000BDB334 /* Frameworks */ = {
			isa = PBXFrameworksBuildPhase;
			buildActionMask = 2147483647;
			files = (
				3B76A70E2BC74EDA00DC29B5 /* Kingfisher in Frameworks */,
				3B76A6FB2BC7185100DC29B5 /* Alamofire in Frameworks */,
			);
			runOnlyForDeploymentPostprocessing = 0;
		};
/* End PBXFrameworksBuildPhase section */

/* Begin PBXGroup section */
		3B429EEA2BC19DE000BDB334 = {
			isa = PBXGroup;
			children = (
				3B429EF52BC19DE000BDB334 /* LeaderID */,
				3B429EF42BC19DE000BDB334 /* Products */,
			);
			sourceTree = "<group>";
		};
		3B429EF42BC19DE000BDB334 /* Products */ = {
			isa = PBXGroup;
			children = (
				3B429EF32BC19DE000BDB334 /* LeaderID.app */,
			);
			name = Products;
			sourceTree = "<group>";
		};
		3B429EF52BC19DE000BDB334 /* LeaderID */ = {
			isa = PBXGroup;
			children = (
				3B76A7052BC73D5F00DC29B5 /* User */,
				3B76A6FC2BC723E900DC29B5 /* EventFeed */,
				3B9726A72BC3235C004D6BD3 /* LeaderID.entitlements */,
				3B429F0F2BC316B300BDB334 /* Info.plist */,
				3B429EF62BC19DE000BDB334 /* LeaderIDApp.swift */,
				3B429EFA2BC19DE100BDB334 /* Assets.xcassets */,
				3B429EFC2BC19DE100BDB334 /* Preview Content */,
				3BD73A6B2BC68FA100277695 /* Auth */,
				3B429F162BC318F100BDB334 /* ColorExtension.swift */,
				3B76A7082BC7433A00DC29B5 /* BearerTokenInterceptor.swift */,
			);
			path = LeaderID;
			sourceTree = "<group>";
		};
		3B429EFC2BC19DE100BDB334 /* Preview Content */ = {
			isa = PBXGroup;
			children = (
				3B429EFD2BC19DE100BDB334 /* Preview Assets.xcassets */,
			);
			path = "Preview Content";
			sourceTree = "<group>";
		};
		3B76A6FC2BC723E900DC29B5 /* EventFeed */ = {
			isa = PBXGroup;
			children = (
				3B429F122BC3177B00BDB334 /* EventFeedView.swift */,
				3B429F142BC317BE00BDB334 /* EventView.swift */,
				3B76A6FF2BC724B900DC29B5 /* EventFeedViewModel.swift */,
				3B76A7012BC72E5300DC29B5 /* EventFeedAPI.swift */,
				3B76A7032BC730D000DC29B5 /* EventFeedViewDI.swift */,
				3B76A70A2BC74A1D00DC29B5 /* EventFeedViewError.swift */,
				3B3219342BC78C0600B66D38 /* EventDetailedView.swift */,
			);
			path = EventFeed;
			sourceTree = "<group>";
		};
		3B76A7052BC73D5F00DC29B5 /* User */ = {
			isa = PBXGroup;
			children = (
				3B76A7062BC73D6D00DC29B5 /* UserAPI.swift */,
			);
			path = User;
			sourceTree = "<group>";
		};
		3BD73A6B2BC68FA100277695 /* Auth */ = {
			isa = PBXGroup;
			children = (
				3B429F102BC3175D00BDB334 /* AuthView.swift */,
				3B9726A82BC340DB004D6BD3 /* AuthViewModel.swift */,
				3BD73A712BC6FBC700277695 /* AuthViewAPI.swift */,
				3BD73A732BC6FF8A00277695 /* AuthViewError.swift */,
				3BD73A752BC7145C00277695 /* AuthViewDI.swift */,
			);
			path = Auth;
			sourceTree = "<group>";
		};
/* End PBXGroup section */

/* Begin PBXNativeTarget section */
		3B429EF22BC19DE000BDB334 /* LeaderID */ = {
			isa = PBXNativeTarget;
			buildConfigurationList = 3B429F012BC19DE100BDB334 /* Build configuration list for PBXNativeTarget "LeaderID" */;
			buildPhases = (
				3B429EEF2BC19DE000BDB334 /* Sources */,
				3B429EF02BC19DE000BDB334 /* Frameworks */,
				3B429EF12BC19DE000BDB334 /* Resources */,
			);
			buildRules = (
			);
			dependencies = (
			);
			name = LeaderID;
			packageProductDependencies = (
				3B76A6FA2BC7185100DC29B5 /* Alamofire */,
				3B76A70D2BC74EDA00DC29B5 /* Kingfisher */,
			);
			productName = LeaderID;
			productReference = 3B429EF32BC19DE000BDB334 /* LeaderID.app */;
			productType = "com.apple.product-type.application";
		};
/* End PBXNativeTarget section */

/* Begin PBXProject section */
		3B429EEB2BC19DE000BDB334 /* Project object */ = {
			isa = PBXProject;
			attributes = {
				BuildIndependentTargetsInParallel = 1;
				LastSwiftUpdateCheck = 1520;
				LastUpgradeCheck = 1520;
				TargetAttributes = {
					3B429EF22BC19DE000BDB334 = {
						CreatedOnToolsVersion = 15.2;
					};
				};
			};
			buildConfigurationList = 3B429EEE2BC19DE000BDB334 /* Build configuration list for PBXProject "LeaderID" */;
			compatibilityVersion = "Xcode 14.0";
			developmentRegion = en;
			hasScannedForEncodings = 0;
			knownRegions = (
				en,
				Base,
			);
			mainGroup = 3B429EEA2BC19DE000BDB334;
			packageReferences = (
				3B76A6F92BC7185100DC29B5 /* XCRemoteSwiftPackageReference "Alamofire" */,
				3B76A70C2BC74EDA00DC29B5 /* XCRemoteSwiftPackageReference "Kingfisher" */,
			);
			productRefGroup = 3B429EF42BC19DE000BDB334 /* Products */;
			projectDirPath = "";
			projectRoot = "";
			targets = (
				3B429EF22BC19DE000BDB334 /* LeaderID */,
			);
		};
/* End PBXProject section */

/* Begin PBXResourcesBuildPhase section */
		3B429EF12BC19DE000BDB334 /* Resources */ = {
			isa = PBXResourcesBuildPhase;
			buildActionMask = 2147483647;
			files = (
				3B429EFE2BC19DE100BDB334 /* Preview Assets.xcassets in Resources */,
				3B429EFB2BC19DE100BDB334 /* Assets.xcassets in Resources */,
			);
			runOnlyForDeploymentPostprocessing = 0;
		};
/* End PBXResourcesBuildPhase section */

/* Begin PBXSourcesBuildPhase section */
		3B429EEF2BC19DE000BDB334 /* Sources */ = {
			isa = PBXSourcesBuildPhase;
			buildActionMask = 2147483647;
			files = (
				3B429F112BC3175D00BDB334 /* AuthView.swift in Sources */,
				3B429EF72BC19DE000BDB334 /* LeaderIDApp.swift in Sources */,
				3B76A7022BC72E5300DC29B5 /* EventFeedAPI.swift in Sources */,
				3B429F172BC318F100BDB334 /* ColorExtension.swift in Sources */,
				3B76A7002BC724B900DC29B5 /* EventFeedViewModel.swift in Sources */,
				3B9726A92BC340DB004D6BD3 /* AuthViewModel.swift in Sources */,
				3B76A7092BC7433A00DC29B5 /* BearerTokenInterceptor.swift in Sources */,
				3B429F132BC3177B00BDB334 /* EventFeedView.swift in Sources */,
				3BD73A722BC6FBC700277695 /* AuthViewAPI.swift in Sources */,
				3B429F152BC317BE00BDB334 /* EventView.swift in Sources */,
				3B76A7042BC730D000DC29B5 /* EventFeedViewDI.swift in Sources */,
				3B3219352BC78C0600B66D38 /* EventDetailedView.swift in Sources */,
				3BD73A762BC7145C00277695 /* AuthViewDI.swift in Sources */,
				3BD73A742BC6FF8A00277695 /* AuthViewError.swift in Sources */,
				3B76A70B2BC74A1D00DC29B5 /* EventFeedViewError.swift in Sources */,
				3B76A7072BC73D6D00DC29B5 /* UserAPI.swift in Sources */,
			);
			runOnlyForDeploymentPostprocessing = 0;
		};
/* End PBXSourcesBuildPhase section */

/* Begin XCBuildConfiguration section */
		3B429EFF2BC19DE100BDB334 /* Debug */ = {
			isa = XCBuildConfiguration;
			buildSettings = {
				ALWAYS_SEARCH_USER_PATHS = NO;
				ASSETCATALOG_COMPILER_GENERATE_SWIFT_ASSET_SYMBOL_EXTENSIONS = YES;
				CLANG_ANALYZER_NONNULL = YES;
				CLANG_ANALYZER_NUMBER_OBJECT_CONVERSION = YES_AGGRESSIVE;
				CLANG_CXX_LANGUAGE_STANDARD = "gnu++20";
				CLANG_ENABLE_MODULES = YES;
				CLANG_ENABLE_OBJC_ARC = YES;
				CLANG_ENABLE_OBJC_WEAK = YES;
				CLANG_WARN_BLOCK_CAPTURE_AUTORELEASING = YES;
				CLANG_WARN_BOOL_CONVERSION = YES;
				CLANG_WARN_COMMA = YES;
				CLANG_WARN_CONSTANT_CONVERSION = YES;
				CLANG_WARN_DEPRECATED_OBJC_IMPLEMENTATIONS = YES;
				CLANG_WARN_DIRECT_OBJC_ISA_USAGE = YES_ERROR;
				CLANG_WARN_DOCUMENTATION_COMMENTS = YES;
				CLANG_WARN_EMPTY_BODY = YES;
				CLANG_WARN_ENUM_CONVERSION = YES;
				CLANG_WARN_INFINITE_RECURSION = YES;
				CLANG_WARN_INT_CONVERSION = YES;
				CLANG_WARN_NON_LITERAL_NULL_CONVERSION = YES;
				CLANG_WARN_OBJC_IMPLICIT_RETAIN_SELF = YES;
				CLANG_WARN_OBJC_LITERAL_CONVERSION = YES;
				CLANG_WARN_OBJC_ROOT_CLASS = YES_ERROR;
				CLANG_WARN_QUOTED_INCLUDE_IN_FRAMEWORK_HEADER = YES;
				CLANG_WARN_RANGE_LOOP_ANALYSIS = YES;
				CLANG_WARN_STRICT_PROTOTYPES = YES;
				CLANG_WARN_SUSPICIOUS_MOVE = YES;
				CLANG_WARN_UNGUARDED_AVAILABILITY = YES_AGGRESSIVE;
				CLANG_WARN_UNREACHABLE_CODE = YES;
				CLANG_WARN__DUPLICATE_METHOD_MATCH = YES;
				COPY_PHASE_STRIP = NO;
				DEBUG_INFORMATION_FORMAT = dwarf;
				ENABLE_STRICT_OBJC_MSGSEND = YES;
				ENABLE_TESTABILITY = YES;
				ENABLE_USER_SCRIPT_SANDBOXING = YES;
				GCC_C_LANGUAGE_STANDARD = gnu17;
				GCC_DYNAMIC_NO_PIC = NO;
				GCC_NO_COMMON_BLOCKS = YES;
				GCC_OPTIMIZATION_LEVEL = 0;
				GCC_PREPROCESSOR_DEFINITIONS = (
					"DEBUG=1",
					"$(inherited)",
				);
				GCC_WARN_64_TO_32_BIT_CONVERSION = YES;
				GCC_WARN_ABOUT_RETURN_TYPE = YES_ERROR;
				GCC_WARN_UNDECLARED_SELECTOR = YES;
				GCC_WARN_UNINITIALIZED_AUTOS = YES_AGGRESSIVE;
				GCC_WARN_UNUSED_FUNCTION = YES;
				GCC_WARN_UNUSED_VARIABLE = YES;
				IPHONEOS_DEPLOYMENT_TARGET = 17.2;
				LOCALIZATION_PREFERS_STRING_CATALOGS = YES;
				MTL_ENABLE_DEBUG_INFO = INCLUDE_SOURCE;
				MTL_FAST_MATH = YES;
				ONLY_ACTIVE_ARCH = YES;
				SDKROOT = iphoneos;
				SWIFT_ACTIVE_COMPILATION_CONDITIONS = "DEBUG $(inherited)";
				SWIFT_OPTIMIZATION_LEVEL = "-Onone";
			};
			name = Debug;
		};
		3B429F002BC19DE100BDB334 /* Release */ = {
			isa = XCBuildConfiguration;
			buildSettings = {
				ALWAYS_SEARCH_USER_PATHS = NO;
				ASSETCATALOG_COMPILER_GENERATE_SWIFT_ASSET_SYMBOL_EXTENSIONS = YES;
				CLANG_ANALYZER_NONNULL = YES;
				CLANG_ANALYZER_NUMBER_OBJECT_CONVERSION = YES_AGGRESSIVE;
				CLANG_CXX_LANGUAGE_STANDARD = "gnu++20";
				CLANG_ENABLE_MODULES = YES;
				CLANG_ENABLE_OBJC_ARC = YES;
				CLANG_ENABLE_OBJC_WEAK = YES;
				CLANG_WARN_BLOCK_CAPTURE_AUTORELEASING = YES;
				CLANG_WARN_BOOL_CONVERSION = YES;
				CLANG_WARN_COMMA = YES;
				CLANG_WARN_CONSTANT_CONVERSION = YES;
				CLANG_WARN_DEPRECATED_OBJC_IMPLEMENTATIONS = YES;
				CLANG_WARN_DIRECT_OBJC_ISA_USAGE = YES_ERROR;
				CLANG_WARN_DOCUMENTATION_COMMENTS = YES;
				CLANG_WARN_EMPTY_BODY = YES;
				CLANG_WARN_ENUM_CONVERSION = YES;
				CLANG_WARN_INFINITE_RECURSION = YES;
				CLANG_WARN_INT_CONVERSION = YES;
				CLANG_WARN_NON_LITERAL_NULL_CONVERSION = YES;
				CLANG_WARN_OBJC_IMPLICIT_RETAIN_SELF = YES;
				CLANG_WARN_OBJC_LITERAL_CONVERSION = YES;
				CLANG_WARN_OBJC_ROOT_CLASS = YES_ERROR;
				CLANG_WARN_QUOTED_INCLUDE_IN_FRAMEWORK_HEADER = YES;
				CLANG_WARN_RANGE_LOOP_ANALYSIS = YES;
				CLANG_WARN_STRICT_PROTOTYPES = YES;
				CLANG_WARN_SUSPICIOUS_MOVE = YES;
				CLANG_WARN_UNGUARDED_AVAILABILITY = YES_AGGRESSIVE;
				CLANG_WARN_UNREACHABLE_CODE = YES;
				CLANG_WARN__DUPLICATE_METHOD_MATCH = YES;
				COPY_PHASE_STRIP = NO;
				DEBUG_INFORMATION_FORMAT = "dwarf-with-dsym";
				ENABLE_NS_ASSERTIONS = NO;
				ENABLE_STRICT_OBJC_MSGSEND = YES;
				ENABLE_USER_SCRIPT_SANDBOXING = YES;
				GCC_C_LANGUAGE_STANDARD = gnu17;
				GCC_NO_COMMON_BLOCKS = YES;
				GCC_WARN_64_TO_32_BIT_CONVERSION = YES;
				GCC_WARN_ABOUT_RETURN_TYPE = YES_ERROR;
				GCC_WARN_UNDECLARED_SELECTOR = YES;
				GCC_WARN_UNINITIALIZED_AUTOS = YES_AGGRESSIVE;
				GCC_WARN_UNUSED_FUNCTION = YES;
				GCC_WARN_UNUSED_VARIABLE = YES;
				IPHONEOS_DEPLOYMENT_TARGET = 17.2;
				LOCALIZATION_PREFERS_STRING_CATALOGS = YES;
				MTL_ENABLE_DEBUG_INFO = NO;
				MTL_FAST_MATH = YES;
				SDKROOT = iphoneos;
				SWIFT_COMPILATION_MODE = wholemodule;
				VALIDATE_PRODUCT = YES;
			};
			name = Release;
		};
		3B429F022BC19DE100BDB334 /* Debug */ = {
			isa = XCBuildConfiguration;
			buildSettings = {
				ASSETCATALOG_COMPILER_APPICON_NAME = AppIcon;
				ASSETCATALOG_COMPILER_GLOBAL_ACCENT_COLOR_NAME = AccentColor;
				CODE_SIGN_ENTITLEMENTS = LeaderID/LeaderID.entitlements;
				CODE_SIGN_STYLE = Automatic;
				CURRENT_PROJECT_VERSION = 1;
				DEVELOPMENT_ASSET_PATHS = "\"LeaderID/Preview Content\"";
				DEVELOPMENT_TEAM = HC3NQ49D3T;
				ENABLE_PREVIEWS = YES;
				GENERATE_INFOPLIST_FILE = YES;
				INFOPLIST_FILE = LeaderID/Info.plist;
				INFOPLIST_KEY_UIApplicationSceneManifest_Generation = YES;
				INFOPLIST_KEY_UIApplicationSupportsIndirectInputEvents = YES;
				INFOPLIST_KEY_UILaunchScreen_Generation = YES;
				INFOPLIST_KEY_UISupportedInterfaceOrientations_iPad = "UIInterfaceOrientationPortrait UIInterfaceOrientationPortraitUpsideDown UIInterfaceOrientationLandscapeLeft UIInterfaceOrientationLandscapeRight";
				INFOPLIST_KEY_UISupportedInterfaceOrientations_iPhone = "UIInterfaceOrientationPortrait UIInterfaceOrientationLandscapeLeft UIInterfaceOrientationLandscapeRight";
				LD_RUNPATH_SEARCH_PATHS = (
					"$(inherited)",
					"@executable_path/Frameworks",
				);
				MARKETING_VERSION = 1.0;
				PRODUCT_BUNDLE_IDENTIFIER = com.alihan.LeaderID;
				PRODUCT_NAME = "$(TARGET_NAME)";
				SUPPORTED_PLATFORMS = "iphoneos iphonesimulator";
				SUPPORTS_MACCATALYST = NO;
				SUPPORTS_XR_DESIGNED_FOR_IPHONE_IPAD = NO;
				SWIFT_EMIT_LOC_STRINGS = YES;
				SWIFT_VERSION = 5.0;
				TARGETED_DEVICE_FAMILY = "1,2";
			};
			name = Debug;
		};
		3B429F032BC19DE100BDB334 /* Release */ = {
			isa = XCBuildConfiguration;
			buildSettings = {
				ASSETCATALOG_COMPILER_APPICON_NAME = AppIcon;
				ASSETCATALOG_COMPILER_GLOBAL_ACCENT_COLOR_NAME = AccentColor;
				CODE_SIGN_ENTITLEMENTS = LeaderID/LeaderID.entitlements;
				CODE_SIGN_STYLE = Automatic;
				CURRENT_PROJECT_VERSION = 1;
				DEVELOPMENT_ASSET_PATHS = "\"LeaderID/Preview Content\"";
				DEVELOPMENT_TEAM = HC3NQ49D3T;
				ENABLE_PREVIEWS = YES;
				GENERATE_INFOPLIST_FILE = YES;
				INFOPLIST_FILE = LeaderID/Info.plist;
				INFOPLIST_KEY_UIApplicationSceneManifest_Generation = YES;
				INFOPLIST_KEY_UIApplicationSupportsIndirectInputEvents = YES;
				INFOPLIST_KEY_UILaunchScreen_Generation = YES;
				INFOPLIST_KEY_UISupportedInterfaceOrientations_iPad = "UIInterfaceOrientationPortrait UIInterfaceOrientationPortraitUpsideDown UIInterfaceOrientationLandscapeLeft UIInterfaceOrientationLandscapeRight";
				INFOPLIST_KEY_UISupportedInterfaceOrientations_iPhone = "UIInterfaceOrientationPortrait UIInterfaceOrientationLandscapeLeft UIInterfaceOrientationLandscapeRight";
				LD_RUNPATH_SEARCH_PATHS = (
					"$(inherited)",
					"@executable_path/Frameworks",
				);
				MARKETING_VERSION = 1.0;
				PRODUCT_BUNDLE_IDENTIFIER = com.alihan.LeaderID;
				PRODUCT_NAME = "$(TARGET_NAME)";
				SUPPORTED_PLATFORMS = "iphoneos iphonesimulator";
				SUPPORTS_MACCATALYST = NO;
				SUPPORTS_XR_DESIGNED_FOR_IPHONE_IPAD = NO;
				SWIFT_EMIT_LOC_STRINGS = YES;
				SWIFT_VERSION = 5.0;
				TARGETED_DEVICE_FAMILY = "1,2";
			};
			name = Release;
		};
/* End XCBuildConfiguration section */

/* Begin XCConfigurationList section */
		3B429EEE2BC19DE000BDB334 /* Build configuration list for PBXProject "LeaderID" */ = {
			isa = XCConfigurationList;
			buildConfigurations = (
				3B429EFF2BC19DE100BDB334 /* Debug */,
				3B429F002BC19DE100BDB334 /* Release */,
			);
			defaultConfigurationIsVisible = 0;
			defaultConfigurationName = Release;
		};
		3B429F012BC19DE100BDB334 /* Build configuration list for PBXNativeTarget "LeaderID" */ = {
			isa = XCConfigurationList;
			buildConfigurations = (
				3B429F022BC19DE100BDB334 /* Debug */,
				3B429F032BC19DE100BDB334 /* Release */,
			);
			defaultConfigurationIsVisible = 0;
			defaultConfigurationName = Release;
		};
/* End XCConfigurationList section */

/* Begin XCRemoteSwiftPackageReference section */
		3B76A6F92BC7185100DC29B5 /* XCRemoteSwiftPackageReference "Alamofire" */ = {
			isa = XCRemoteSwiftPackageReference;
			repositoryURL = "https://github.com/Alamofire/Alamofire.git";
			requirement = {
				kind = upToNextMajorVersion;
				minimumVersion = 5.9.1;
			};
		};
		3B76A70C2BC74EDA00DC29B5 /* XCRemoteSwiftPackageReference "Kingfisher" */ = {
			isa = XCRemoteSwiftPackageReference;
			repositoryURL = "https://github.com/onevcat/Kingfisher";
			requirement = {
				kind = upToNextMajorVersion;
				minimumVersion = 7.11.0;
			};
		};
/* End XCRemoteSwiftPackageReference section */

/* Begin XCSwiftPackageProductDependency section */
		3B76A6FA2BC7185100DC29B5 /* Alamofire */ = {
			isa = XCSwiftPackageProductDependency;
			package = 3B76A6F92BC7185100DC29B5 /* XCRemoteSwiftPackageReference "Alamofire" */;
			productName = Alamofire;
		};
		3B76A70D2BC74EDA00DC29B5 /* Kingfisher */ = {
			isa = XCSwiftPackageProductDependency;
			package = 3B76A70C2BC74EDA00DC29B5 /* XCRemoteSwiftPackageReference "Kingfisher" */;
			productName = Kingfisher;
		};
/* End XCSwiftPackageProductDependency section */
	};
	rootObject = 3B429EEB2BC19DE000BDB334 /* Project object */;
}
